
Microsoft Visual Studio Solution File, Format Version 12.00
# Visual Studio 15
VisualStudioVersion = 15.0.27703.2018
MinimumVisualStudioVersion = 10.0.40219.1
Project("{FAE04EC0-301F-11D3-BF4B-00C04F79EFBC}") = "Digitude.Adfs.CustomImagesThemeGenerator", "src\Digitude.Adfs.CustomImagesThemeGenerator.csproj", "{F645A08A-3C1F-4260-BD12-823681D07E3E}"
EndProject
Global
	GlobalSection(SolutionConfigurationPlatforms) = preSolution
		Debug|Any CPU = Debug|Any CPU
		Release|Any CPU = Release|Any CPU
	EndGlobalSection
	GlobalSection(ProjectConfigurationPlatforms) = postSolution
		{F645A08A-3C1F-4260-BD12-823681D07E3E}.Debug|Any CPU.ActiveCfg = Debug|Any CPU
		{F645A08A-3C1F-4260-BD12-823681D07E3E}.Debug|Any CPU.Build.0 = Debug|Any CPU
		{F645A08A-3C1F-4260-BD12-823681D07E3E}.Release|Any CPU.ActiveCfg = Release|Any CPU
		{F645A08A-3C1F-4260-BD12-823681D07E3E}.Release|Any CPU.Build.0 = Release|Any CPU
	EndGlobalSection
	GlobalSection(SolutionProperties) = preSolution
		HideSolutionNode = FALSE
	EndGlobalSection
	GlobalSection(ExtensibilityGlobals) = postSolution
		SolutionGuid = {EF0428E3-0C32-4E7F-A055-AA3E93EDDB72}
	EndGlobalSection
EndGlobal
